
Microsoft Visual Studio Solution File, Format Version 12.00
# Visual Studio Version 17
VisualStudioVersion = 17.8.34601.278
MinimumVisualStudioVersion = 10.0.40219.1
Project("{9A19103F-16F7-4668-BE54-9A1E7A4F7556}") = "p4gpc.musicenhancementpack", "p4gpc.musicenhancementpack\p4gpc.musicenhancementpack.csproj", "{DF64285C-49F9-44DD-BC29-92B566D86086}"
EndProject
Project("{9A19103F-16F7-4668-BE54-9A1E7A4F7556}") = "BGME.Framework.Interfaces", "..\..\..\..\source\repos\BGME\BGME.Framework.Interfaces\BGME.Framework.Interfaces.csproj", "{B7E2F193-0248-4BE7-B37F-90B61294CE50}"
EndProject
Project("{9A19103F-16F7-4668-BE54-9A1E7A4F7556}") = "CriFs.V2.Hook.Interfaces", "Interfaces\CriFs.V2.Hook.ReloadedII\Interfaces\CriFs.V2.Hook.Interfaces\CriFs.V2.Hook.Interfaces.csproj", "{25447233-9232-4D92-87D0-257AAD315D0F}"
EndProject
Global
	GlobalSection(SolutionConfigurationPlatforms) = preSolution
		Debug|Any CPU = Debug|Any CPU
		Release|Any CPU = Release|Any CPU
	EndGlobalSection
	GlobalSection(ProjectConfigurationPlatforms) = postSolution
		{DF64285C-49F9-44DD-BC29-92B566D86086}.Debug|Any CPU.ActiveCfg = Debug|Any CPU
		{DF64285C-49F9-44DD-BC29-92B566D86086}.Debug|Any CPU.Build.0 = Debug|Any CPU
		{DF64285C-49F9-44DD-BC29-92B566D86086}.Release|Any CPU.ActiveCfg = Release|Any CPU
		{DF64285C-49F9-44DD-BC29-92B566D86086}.Release|Any CPU.Build.0 = Release|Any CPU
		{B7E2F193-0248-4BE7-B37F-90B61294CE50}.Debug|Any CPU.ActiveCfg = Debug|Any CPU
		{B7E2F193-0248-4BE7-B37F-90B61294CE50}.Debug|Any CPU.Build.0 = Debug|Any CPU
		{B7E2F193-0248-4BE7-B37F-90B61294CE50}.Release|Any CPU.ActiveCfg = Release|Any CPU
		{B7E2F193-0248-4BE7-B37F-90B61294CE50}.Release|Any CPU.Build.0 = Release|Any CPU
		{25447233-9232-4D92-87D0-257AAD315D0F}.Debug|Any CPU.ActiveCfg = Debug|Any CPU
		{25447233-9232-4D92-87D0-257AAD315D0F}.Debug|Any CPU.Build.0 = Debug|Any CPU
		{25447233-9232-4D92-87D0-257AAD315D0F}.Release|Any CPU.ActiveCfg = Release|Any CPU
		{25447233-9232-4D92-87D0-257AAD315D0F}.Release|Any CPU.Build.0 = Release|Any CPU
	EndGlobalSection
	GlobalSection(SolutionProperties) = preSolution
		HideSolutionNode = FALSE
	EndGlobalSection
	GlobalSection(ExtensibilityGlobals) = postSolution
		SolutionGuid = {E0C85D71-DDB2-4003-BE0F-87BFBF16FB73}
	EndGlobalSection
EndGlobal
